{
    "_readme": [
        "This file locks the dependencies of your project to a known state",
        "Read more about it at https://getcomposer.org/doc/01-basic-usage.md#composer-lock-the-lock-file",
        "This file is @generated automatically"
    ],
    "content-hash": "f88d41760899b8add42200709dc8c44d",
    "packages": [
        {
            "name": "ozdemirburak/iris",
            "version": "1.2.1",
            "source": {
                "type": "git",
                "url": "https://github.com/ozdemirburak/iris.git",
                "reference": "a100a217eb7fa7975069f02a0f9e1625610f2f00"
            },
            "dist": {
                "type": "zip",
                "url": "https://api.github.com/repos/ozdemirburak/iris/zipball/a100a217eb7fa7975069f02a0f9e1625610f2f00",
                "reference": "a100a217eb7fa7975069f02a0f9e1625610f2f00",
                "shasum": ""
            },
            "require": {
                "php": "~5.6|~7.0"
            },
            "require-dev": {
                "phpunit/phpunit": "~5.0|~6.0",
                "squizlabs/php_codesniffer": "~2.3"
            },
            "type": "library",
            "extra": {
                "branch-alias": {
                    "dev-master": "1.0-dev"
                }
            },
            "autoload": {
                "psr-4": {
                    "OzdemirBurak\\Iris\\": "src"
                }
            },
            "notification-url": "https://packagist.org/downloads/",
            "license": [
                "MIT"
            ],
            "authors": [
                {
                    "name": "Burak Özdemir",
                    "email": "mail@burakozdemir.co.uk",
                    "homepage": "https://burakozdemir.co.uk"
                }
            ],
            "description": "PHP library for color manipulation and conversion.",
            "homepage": "https://github.com/ozdemirburak/iris",
            "keywords": [
                "color",
                "conversion",
                "hex",
                "hsl",
                "hsla",
                "hsv",
                "manipulation",
                "rgb",
                "rgba",
                "transformation"
            ],
            "time": "2018-10-07T23:02:25+00:00"
        },
        {
            "name": "scssphp/scssphp",
            "version": "1.0.4",
            "source": {
                "type": "git",
                "url": "https://github.com/scssphp/scssphp.git",
                "reference": "7c292c66db52ede3afbfd6566c8872f3c5b32267"
            },
            "dist": {
                "type": "zip",
                "url": "https://api.github.com/repos/scssphp/scssphp/zipball/7c292c66db52ede3afbfd6566c8872f3c5b32267",
                "reference": "7c292c66db52ede3afbfd6566c8872f3c5b32267",
                "shasum": ""
            },
            "require": {
                "ext-ctype": "*",
                "ext-json": "*",
                "php": ">=5.6.0"
            },
            "require-dev": {
                "phpunit/phpunit": ">=4.8.36",
                "squizlabs/php_codesniffer": "~2.5",
                "twbs/bootstrap": "~4.3",
                "zurb/foundation": "~6.5"
            },
            "bin": [
                "bin/pscss"
            ],
            "type": "library",
            "autoload": {
                "psr-4": {
                    "ScssPhp\\ScssPhp\\": "src/"
                }
            },
            "notification-url": "https://packagist.org/downloads/",
            "license": [
                "MIT"
            ],
            "authors": [
                {
                    "name": "Anthon Pang",
                    "email": "apang@softwaredevelopment.ca",
                    "homepage": "https://github.com/robocoder"
                },
                {
                    "name": "Cédric Morin",
                    "email": "cedric@yterium.com",
                    "homepage": "https://github.com/Cerdic"
                }
            ],
            "description": "scssphp is a compiler for SCSS written in PHP.",
            "homepage": "http://scssphp.github.io/scssphp/",
            "keywords": [
                "css",
                "less",
                "sass",
                "scss",
                "stylesheet"
            ],
            "time": "2019-09-06T16:48:49+00:00"
        },
        {
            "name": "tedivm/jshrink",
            "version": "v1.3.3",
            "source": {
                "type": "git",
                "url": "https://github.com/tedious/JShrink.git",
                "reference": "566e0c731ba4e372be2de429ef7d54f4faf4477a"
            },
            "dist": {
                "type": "zip",
                "url": "https://api.github.com/repos/tedious/JShrink/zipball/566e0c731ba4e372be2de429ef7d54f4faf4477a",
                "reference": "566e0c731ba4e372be2de429ef7d54f4faf4477a",
                "shasum": ""
            },
            "require": {
                "php": "^5.6|^7.0"
            },
            "require-dev": {
                "friendsofphp/php-cs-fixer": "^2.8",
                "php-coveralls/php-coveralls": "^1.1.0",
                "phpunit/phpunit": "^6"
            },
            "type": "library",
            "autoload": {
                "psr-0": {
                    "JShrink": "src/"
                }
            },
            "notification-url": "https://packagist.org/downloads/",
            "license": [
                "BSD-3-Clause"
            ],
            "authors": [
                {
                    "name": "Robert Hafner",
                    "email": "tedivm@tedivm.com"
                }
            ],
            "description": "Javascript Minifier built in PHP",
            "homepage": "http://github.com/tedious/JShrink",
            "keywords": [
                "javascript",
                "minifier"
            ],
            "time": "2019-06-28T18:11:46+00:00"
        }
    ],
    "packages-dev": [],
    "aliases": [],
    "minimum-stability": "stable",
    "stability-flags": [],
    "prefer-stable": false,
    "prefer-lowest": false,
    "platform": [],
    "platform-dev": []
}
