{
    "_readme": [
        "This file locks the dependencies of your project to a known state",
        "Read more about it at https://getcomposer.org/doc/01-basic-usage.md#installing-dependencies",
        "This file is @generated automatically"
    ],
    "content-hash": "f4d3ff5f6728b5101a39b0a78a9258e6",
    "packages": [
        {
            "name": "ozdemirburak/iris",
            "version": "2.5.0",
            "source": {
                "type": "git",
                "url": "https://github.com/ozdemirburak/iris.git",
                "reference": "239707401e09b9bab2baf3383343a8b9dea745db"
            },
            "dist": {
                "type": "zip",
                "url": "https://api.github.com/repos/ozdemirburak/iris/zipball/239707401e09b9bab2baf3383343a8b9dea745db",
                "reference": "239707401e09b9bab2baf3383343a8b9dea745db",
                "shasum": ""
            },
            "require": {
                "php": "^7.3|^8.0"
            },
            "require-dev": {
                "phpunit/phpunit": "~8.0|~9.0",
                "squizlabs/php_codesniffer": "~3.5"
            },
            "type": "library",
            "autoload": {
                "psr-4": {
                    "OzdemirBurak\\Iris\\": "src"
                }
            },
            "notification-url": "https://packagist.org/downloads/",
            "license": [
                "MIT"
            ],
            "authors": [
                {
                    "name": "Burak Özdemir",
                    "homepage": "https://ozdemirburak.com"
                }
            ],
            "description": "PHP library for color manipulation and conversion.",
            "homepage": "https://github.com/ozdemirburak/iris",
            "keywords": [
                "color",
                "conversion",
                "hex",
                "hexa",
                "hsl",
                "hsla",
                "hsv",
                "manipulation",
                "rgb",
                "rgba",
                "transformation"
            ],
            "support": {
                "issues": "https://github.com/ozdemirburak/iris/issues",
                "source": "https://github.com/ozdemirburak/iris/tree/2.5.0"
            },
            "time": "2022-02-13T20:50:58+00:00"
        },
        {
            "name": "scssphp/scssphp",
            "version": "v1.11.0",
            "source": {
                "type": "git",
                "url": "https://github.com/scssphp/scssphp.git",
                "reference": "33749d12c2569bb24071f94e9af828662dabb068"
            },
            "dist": {
                "type": "zip",
                "url": "https://api.github.com/repos/scssphp/scssphp/zipball/33749d12c2569bb24071f94e9af828662dabb068",
                "reference": "33749d12c2569bb24071f94e9af828662dabb068",
                "shasum": ""
            },
            "require": {
                "ext-ctype": "*",
                "ext-json": "*",
                "php": ">=5.6.0"
            },
            "require-dev": {
                "bamarni/composer-bin-plugin": "^1.4",
                "phpunit/phpunit": "^5.7 || ^6.5 || ^7.5 || ^8.3 || ^9.4",
                "sass/sass-spec": "*",
                "squizlabs/php_codesniffer": "~3.5",
                "symfony/phpunit-bridge": "^5.1",
                "thoughtbot/bourbon": "^7.0",
                "twbs/bootstrap": "~5.0",
                "twbs/bootstrap4": "4.6.1",
                "zurb/foundation": "~6.5"
            },
            "suggest": {
                "ext-iconv": "Can be used as fallback when ext-mbstring is not available",
                "ext-mbstring": "For best performance, mbstring should be installed as it is faster than ext-iconv"
            },
            "bin": [
                "bin/pscss"
            ],
            "type": "library",
            "extra": {
                "bamarni-bin": {
                    "forward-command": false,
                    "bin-links": false
                }
            },
            "autoload": {
                "psr-4": {
                    "ScssPhp\\ScssPhp\\": "src/"
                }
            },
            "notification-url": "https://packagist.org/downloads/",
            "license": [
                "MIT"
            ],
            "authors": [
                {
                    "name": "Anthon Pang",
                    "email": "apang@softwaredevelopment.ca",
                    "homepage": "https://github.com/robocoder"
                },
                {
                    "name": "Cédric Morin",
                    "email": "cedric@yterium.com",
                    "homepage": "https://github.com/Cerdic"
                }
            ],
            "description": "scssphp is a compiler for SCSS written in PHP.",
            "homepage": "http://scssphp.github.io/scssphp/",
            "keywords": [
                "css",
                "less",
                "sass",
                "scss",
                "stylesheet"
            ],
            "support": {
                "issues": "https://github.com/scssphp/scssphp/issues",
                "source": "https://github.com/scssphp/scssphp/tree/v1.11.0"
            },
            "time": "2022-09-02T21:24:55+00:00"
        },
        {
            "name": "tedivm/jshrink",
            "version": "v1.6.5",
            "source": {
                "type": "git",
                "url": "https://github.com/tedious/JShrink.git",
                "reference": "aa786b10f012fc0e15b5147c22bdb8c765fac76a"
            },
            "dist": {
                "type": "zip",
                "url": "https://api.github.com/repos/tedious/JShrink/zipball/aa786b10f012fc0e15b5147c22bdb8c765fac76a",
                "reference": "aa786b10f012fc0e15b5147c22bdb8c765fac76a",
                "shasum": ""
            },
            "require": {
                "php": "^7.0|^8.0"
            },
            "require-dev": {
                "friendsofphp/php-cs-fixer": "^3.14",
                "php-coveralls/php-coveralls": "^2.5.0",
                "phpunit/phpunit": "^9|^10"
            },
            "type": "library",
            "autoload": {
                "psr-0": {
                    "JShrink": "src/"
                }
            },
            "notification-url": "https://packagist.org/downloads/",
            "license": [
                "BSD-3-Clause"
            ],
            "authors": [
                {
                    "name": "Robert Hafner",
                    "email": "tedivm@tedivm.com"
                }
            ],
            "description": "Javascript Minifier built in PHP",
            "homepage": "http://github.com/tedious/JShrink",
            "keywords": [
                "javascript",
                "minifier"
            ],
            "support": {
                "issues": "https://github.com/tedious/JShrink/issues",
                "source": "https://github.com/tedious/JShrink/tree/v1.6.5"
            },
            "funding": [
                {
                    "url": "https://github.com/tedivm",
                    "type": "github"
                },
                {
                    "url": "https://tidelift.com/funding/github/packagist/tedivm/jshrink",
                    "type": "tidelift"
                }
            ],
            "time": "2023-03-12T15:19:34+00:00"
        }
    ],
    "packages-dev": [],
    "aliases": [],
    "minimum-stability": "stable",
    "stability-flags": [],
    "prefer-stable": false,
    "prefer-lowest": false,
    "platform": [],
    "platform-dev": [],
    "platform-overrides": {
        "php": "7.4"
    },
    "plugin-api-version": "2.2.0"
}
